
Microsoft Visual Studio Solution File, Format Version 12.00
# Visual Studio Version 16
VisualStudioVersion = 16.0.30907.101
MinimumVisualStudioVersion = 10.0.40219.1
Project("{9A19103F-16F7-4668-BE54-9A1E7A4F7556}") = "WinePicker.ConsoleApp", "WinePicker.ConsoleApp\WinePicker.ConsoleApp.csproj", "{A04F1359-7C05-487A-9B07-B53879308486}"
EndProject
Project("{9A19103F-16F7-4668-BE54-9A1E7A4F7556}") = "WinePicker.Shared", "WinePicker.Shared\WinePicker.Shared.csproj", "{ED72149B-5A07-470D-9E28-A216F7FE7671}"
EndProject
Global
	GlobalSection(SolutionConfigurationPlatforms) = preSolution
		Debug|Any CPU = Debug|Any CPU
		Release|Any CPU = Release|Any CPU
	EndGlobalSection
	GlobalSection(ProjectConfigurationPlatforms) = postSolution
		{A04F1359-7C05-487A-9B07-B53879308486}.Debug|Any CPU.ActiveCfg = Debug|Any CPU
		{A04F1359-7C05-487A-9B07-B53879308486}.Debug|Any CPU.Build.0 = Debug|Any CPU
		{A04F1359-7C05-487A-9B07-B53879308486}.Release|Any CPU.ActiveCfg = Release|Any CPU
		{A04F1359-7C05-487A-9B07-B53879308486}.Release|Any CPU.Build.0 = Release|Any CPU
		{ED72149B-5A07-470D-9E28-A216F7FE7671}.Debug|Any CPU.ActiveCfg = Debug|Any CPU
		{ED72149B-5A07-470D-9E28-A216F7FE7671}.Debug|Any CPU.Build.0 = Debug|Any CPU
		{ED72149B-5A07-470D-9E28-A216F7FE7671}.Release|Any CPU.ActiveCfg = Release|Any CPU
		{ED72149B-5A07-470D-9E28-A216F7FE7671}.Release|Any CPU.Build.0 = Release|Any CPU
	EndGlobalSection
	GlobalSection(SolutionProperties) = preSolution
		HideSolutionNode = FALSE
	EndGlobalSection
	GlobalSection(ExtensibilityGlobals) = postSolution
		SolutionGuid = {2E5AC939-4469-4D4E-9738-2B353B52CE42}
	EndGlobalSection
EndGlobal
